
Microsoft Visual Studio Solution File, Format Version 12.00
# Visual Studio Version 16
VisualStudioVersion = 16.0.31019.35
MinimumVisualStudioVersion = 10.0.40219.1
Project("{FAE04EC0-301F-11D3-BF4B-00C04F79EFBC}") = "LabaOS1_Belyaev", "LabaOS1_Belyaev.csproj", "{97FB85FB-0E80-41FA-9597-83CA0B0CDDA4}"
EndProject
Global
	GlobalSection(SolutionConfigurationPlatforms) = preSolution
		Debug|Any CPU = Debug|Any CPU
		Release|Any CPU = Release|Any CPU
	EndGlobalSection
	GlobalSection(ProjectConfigurationPlatforms) = postSolution
		{97FB85FB-0E80-41FA-9597-83CA0B0CDDA4}.Debug|Any CPU.ActiveCfg = Debug|Any CPU
		{97FB85FB-0E80-41FA-9597-83CA0B0CDDA4}.Debug|Any CPU.Build.0 = Debug|Any CPU
		{97FB85FB-0E80-41FA-9597-83CA0B0CDDA4}.Release|Any CPU.ActiveCfg = Release|Any CPU
		{97FB85FB-0E80-41FA-9597-83CA0B0CDDA4}.Release|Any CPU.Build.0 = Release|Any CPU
	EndGlobalSection
	GlobalSection(SolutionProperties) = preSolution
		HideSolutionNode = FALSE
	EndGlobalSection
	GlobalSection(ExtensibilityGlobals) = postSolution
		SolutionGuid = {2CD3C3D9-02B1-4340-9EDA-85C7C5F97926}
	EndGlobalSection
EndGlobal
